
Microsoft Visual Studio Solution File, Format Version 12.00
# Visual Studio 15
VisualStudioVersion = 15.0.26228.9
MinimumVisualStudioVersion = 10.0.40219.1
Project("{FAE04EC0-301F-11D3-BF4B-00C04F79EFBC}") = "Common", "Common\Common.csproj", "{5BB997B1-B794-4442-928C-EC159FACDF25}"
EndProject
Project("{FAE04EC0-301F-11D3-BF4B-00C04F79EFBC}") = "Core", "Core\Core.csproj", "{18ABFD4B-46AC-4892-8C58-9D7053B0E13D}"
EndProject
Project("{FAE04EC0-301F-11D3-BF4B-00C04F79EFBC}") = "Test", "Test\Test.csproj", "{945EDD72-BDBB-4ECD-B17E-507A166F1C57}"
EndProject
Project("{2150E333-8FDC-42A3-9474-1A3956D46DE8}") = "Test", "Test", "{63A0562E-F4BB-41DB-B42E-2454F22E01AA}"
EndProject
Project("{FAE04EC0-301F-11D3-BF4B-00C04F79EFBC}") = "Data", "Data\Data.csproj", "{6C3EFC81-6FE1-46ED-8265-270F2F1EE7CC}"
EndProject
Project("{9A19103F-16F7-4668-BE54-9A1E7A4F7556}") = "UiAngular", "UiAngular\UiAngular.csproj", "{7E16C62C-7F1E-4C2A-85D7-DA6993ADB960}"
EndProject
Project("{FAE04EC0-301F-11D3-BF4B-00C04F79EFBC}") = "UiMvc", "UiMvc\UiMvc.csproj", "{5230E209-5558-46E1-BB77-2D480C655C5F}"
EndProject
Project("{9A19103F-16F7-4668-BE54-9A1E7A4F7556}") = "Ui", "Ui\Ui.csproj", "{4250D09D-8CD8-42F1-B4A9-CB8D7222497F}"
EndProject
Global
	GlobalSection(SolutionConfigurationPlatforms) = preSolution
		Debug|Any CPU = Debug|Any CPU
		Release|Any CPU = Release|Any CPU
	EndGlobalSection
	GlobalSection(ProjectConfigurationPlatforms) = postSolution
		{5BB997B1-B794-4442-928C-EC159FACDF25}.Debug|Any CPU.ActiveCfg = Debug|Any CPU
		{5BB997B1-B794-4442-928C-EC159FACDF25}.Debug|Any CPU.Build.0 = Debug|Any CPU
		{5BB997B1-B794-4442-928C-EC159FACDF25}.Release|Any CPU.ActiveCfg = Release|Any CPU
		{5BB997B1-B794-4442-928C-EC159FACDF25}.Release|Any CPU.Build.0 = Release|Any CPU
		{5BB997B1-B794-4442-928C-EC159FACDF25}.Release|Any CPU.Deploy.0 = Release|Any CPU
		{18ABFD4B-46AC-4892-8C58-9D7053B0E13D}.Debug|Any CPU.ActiveCfg = Debug|Any CPU
		{18ABFD4B-46AC-4892-8C58-9D7053B0E13D}.Debug|Any CPU.Build.0 = Debug|Any CPU
		{18ABFD4B-46AC-4892-8C58-9D7053B0E13D}.Release|Any CPU.ActiveCfg = Release|Any CPU
		{18ABFD4B-46AC-4892-8C58-9D7053B0E13D}.Release|Any CPU.Build.0 = Release|Any CPU
		{945EDD72-BDBB-4ECD-B17E-507A166F1C57}.Debug|Any CPU.ActiveCfg = Debug|Any CPU
		{945EDD72-BDBB-4ECD-B17E-507A166F1C57}.Debug|Any CPU.Build.0 = Debug|Any CPU
		{945EDD72-BDBB-4ECD-B17E-507A166F1C57}.Release|Any CPU.ActiveCfg = Release|Any CPU
		{945EDD72-BDBB-4ECD-B17E-507A166F1C57}.Release|Any CPU.Build.0 = Release|Any CPU
		{6C3EFC81-6FE1-46ED-8265-270F2F1EE7CC}.Debug|Any CPU.ActiveCfg = Debug|Any CPU
		{6C3EFC81-6FE1-46ED-8265-270F2F1EE7CC}.Debug|Any CPU.Build.0 = Debug|Any CPU
		{6C3EFC81-6FE1-46ED-8265-270F2F1EE7CC}.Release|Any CPU.ActiveCfg = Release|Any CPU
		{6C3EFC81-6FE1-46ED-8265-270F2F1EE7CC}.Release|Any CPU.Build.0 = Release|Any CPU
		{7E16C62C-7F1E-4C2A-85D7-DA6993ADB960}.Debug|Any CPU.ActiveCfg = Debug|Any CPU
		{7E16C62C-7F1E-4C2A-85D7-DA6993ADB960}.Debug|Any CPU.Build.0 = Debug|Any CPU
		{7E16C62C-7F1E-4C2A-85D7-DA6993ADB960}.Release|Any CPU.ActiveCfg = Release|Any CPU
		{7E16C62C-7F1E-4C2A-85D7-DA6993ADB960}.Release|Any CPU.Build.0 = Release|Any CPU
		{5230E209-5558-46E1-BB77-2D480C655C5F}.Debug|Any CPU.ActiveCfg = Debug|Any CPU
		{5230E209-5558-46E1-BB77-2D480C655C5F}.Debug|Any CPU.Build.0 = Debug|Any CPU
		{5230E209-5558-46E1-BB77-2D480C655C5F}.Release|Any CPU.ActiveCfg = Release|Any CPU
		{5230E209-5558-46E1-BB77-2D480C655C5F}.Release|Any CPU.Build.0 = Release|Any CPU
		{4250D09D-8CD8-42F1-B4A9-CB8D7222497F}.Debug|Any CPU.ActiveCfg = Debug|Any CPU
		{4250D09D-8CD8-42F1-B4A9-CB8D7222497F}.Debug|Any CPU.Build.0 = Debug|Any CPU
		{4250D09D-8CD8-42F1-B4A9-CB8D7222497F}.Release|Any CPU.ActiveCfg = Release|Any CPU
		{4250D09D-8CD8-42F1-B4A9-CB8D7222497F}.Release|Any CPU.Build.0 = Release|Any CPU
	EndGlobalSection
	GlobalSection(SolutionProperties) = preSolution
		HideSolutionNode = FALSE
	EndGlobalSection
	GlobalSection(NestedProjects) = preSolution
		{945EDD72-BDBB-4ECD-B17E-507A166F1C57} = {63A0562E-F4BB-41DB-B42E-2454F22E01AA}
	EndGlobalSection
EndGlobal
